// !$*UTF8*$!
{
	archiveVersion = 1;
	classes = {
	};
	objectVersion = 50;
	objects = {

/* Begin PBXBuildFile section */
		7941BA0620DB6AEF001A3DA9 /* AppDelegate.swift in Sources */ = {isa = PBXBuildFile; fileRef = 7941BA0520DB6AEF001A3DA9 /* AppDelegate.swift */; };
		7941BA0820DB6AEF001A3DA9 /* ViewController.swift in Sources */ = {isa = PBXBuildFile; fileRef = 7941BA0720DB6AEF001A3DA9 /* ViewController.swift */; };
		7941BA0B20DB6AEF001A3DA9 /* Main.storyboard in Resources */ = {isa = PBXBuildFile; fileRef = 7941BA0920DB6AEF001A3DA9 /* Main.storyboard */; };
		7941BA0D20DB6AF1001A3DA9 /* Assets.xcassets in Resources */ = {isa = PBXBuildFile; fileRef = 7941BA0C20DB6AF1001A3DA9 /* Assets.xcassets */; };
		7941BA1020DB6AF2001A3DA9 /* LaunchScreen.storyboard in Resources */ = {isa = PBXBuildFile; fileRef = 7941BA0E20DB6AF2001A3DA9 /* LaunchScreen.storyboard */; };
		7941BA1B20DB6AF2001A3DA9 /* ThoughtJarTests.swift in Sources */ = {isa = PBXBuildFile; fileRef = 7941BA1A20DB6AF2001A3DA9 /* ThoughtJarTests.swift */; };
		7941BA2620DB6AF2001A3DA9 /* ThoughtJarUITests.swift in Sources */ = {isa = PBXBuildFile; fileRef = 7941BA2520DB6AF2001A3DA9 /* ThoughtJarUITests.swift */; };
/* End PBXBuildFile section */

/* Begin PBXContainerItemProxy section */
		7941BA1720DB6AF2001A3DA9 /* PBXContainerItemProxy */ = {
			isa = PBXContainerItemProxy;
			containerPortal = 7941B9FA20DB6AEF001A3DA9 /* Project object */;
			proxyType = 1;
			remoteGlobalIDString = 7941BA0120DB6AEF001A3DA9;
			remoteInfo = ThoughtJar;
		};
		7941BA2220DB6AF2001A3DA9 /* PBXContainerItemProxy */ = {
			isa = PBXContainerItemProxy;
			containerPortal = 7941B9FA20DB6AEF001A3DA9 /* Project object */;
			proxyType = 1;
			remoteGlobalIDString = 7941BA0120DB6AEF001A3DA9;
			remoteInfo = ThoughtJar;
		};
/* End PBXContainerItemProxy section */

/* Begin PBXFileReference section */
		7941BA0220DB6AEF001A3DA9 /* ThoughtJar.app */ = {isa = PBXFileReference; explicitFileType = wrapper.application; includeInIndex = 0; path = ThoughtJar.app; sourceTree = BUILT_PRODUCTS_DIR; };
		7941BA0520DB6AEF001A3DA9 /* AppDelegate.swift */ = {isa = PBXFileReference; lastKnownFileType = sourcecode.swift; path = AppDelegate.swift; sourceTree = "<group>"; };
		7941BA0720DB6AEF001A3DA9 /* ViewController.swift */ = {isa = PBXFileReference; lastKnownFileType = sourcecode.swift; path = ViewController.swift; sourceTree = "<group>"; };
		7941BA0A20DB6AEF001A3DA9 /* Base */ = {isa = PBXFileReference; lastKnownFileType = file.storyboard; name = Base; path = Base.lproj/Main.storyboard; sourceTree = "<group>"; };
		7941BA0C20DB6AF1001A3DA9 /* Assets.xcassets */ = {isa = PBXFileReference; lastKnownFileType = folder.assetcatalog; path = Assets.xcassets; sourceTree = "<group>"; };
		7941BA0F20DB6AF2001A3DA9 /* Base */ = {isa = PBXFileReference; lastKnownFileType = file.storyboard; name = Base; path = Base.lproj/LaunchScreen.storyboard; sourceTree = "<group>"; };
		7941BA1120DB6AF2001A3DA9 /* Info.plist */ = {isa = PBXFileReference; lastKnownFileType = text.plist.xml; path = Info.plist; sourceTree = "<group>"; };
		7941BA1620DB6AF2001A3DA9 /* ThoughtJarTests.xctest */ = {isa = PBXFileReference; explicitFileType = wrapper.cfbundle; includeInIndex = 0; path = ThoughtJarTests.xctest; sourceTree = BUILT_PRODUCTS_DIR; };
		7941BA1A20DB6AF2001A3DA9 /* ThoughtJarTests.swift */ = {isa = PBXFileReference; lastKnownFileType = sourcecode.swift; path = ThoughtJarTests.swift; sourceTree = "<group>"; };
		7941BA1C20DB6AF2001A3DA9 /* Info.plist */ = {isa = PBXFileReference; lastKnownFileType = text.plist.xml; path = Info.plist; sourceTree = "<group>"; };
		7941BA2120DB6AF2001A3DA9 /* ThoughtJarUITests.xctest */ = {isa = PBXFileReference; explicitFileType = wrapper.cfbundle; includeInIndex = 0; path = ThoughtJarUITests.xctest; sourceTree = BUILT_PRODUCTS_DIR; };
		7941BA2520DB6AF2001A3DA9 /* ThoughtJarUITests.swift */ = {isa = PBXFileReference; lastKnownFileType = sourcecode.swift; path = ThoughtJarUITests.swift; sourceTree = "<group>"; };
		7941BA2720DB6AF2001A3DA9 /* Info.plist */ = {isa = PBXFileReference; lastKnownFileType = text.plist.xml; path = Info.plist; sourceTree = "<group>"; };
/* End PBXFileReference section */

/* Begin PBXFrameworksBuildPhase section */
		7941B9FF20DB6AEF001A3DA9 /* Frameworks */ = {
			isa = PBXFrameworksBuildPhase;
			buildActionMask = 2147483647;
			files = (
			);
			runOnlyForDeploymentPostprocessing = 0;
		};
		7941BA1320DB6AF2001A3DA9 /* Frameworks */ = {
			isa = PBXFrameworksBuildPhase;
			buildActionMask = 2147483647;
			files = (
			);
			runOnlyForDeploymentPostprocessing = 0;
		};
		7941BA1E20DB6AF2001A3DA9 /* Frameworks */ = {
			isa = PBXFrameworksBuildPhase;
			buildActionMask = 2147483647;
			files = (
			);
			runOnlyForDeploymentPostprocessing = 0;
		};
/* End PBXFrameworksBuildPhase section */

/* Begin PBXGroup section */
		7941B9F920DB6AEF001A3DA9 = {
			isa = PBXGroup;
			children = (
				7941BA0420DB6AEF001A3DA9 /* ThoughtJar */,
				7941BA1920DB6AF2001A3DA9 /* ThoughtJarTests */,
				7941BA2420DB6AF2001A3DA9 /* ThoughtJarUITests */,
				7941BA0320DB6AEF001A3DA9 /* Products */,
			);
			sourceTree = "<group>";
		};
		7941BA0320DB6AEF001A3DA9 /* Products */ = {
			isa = PBXGroup;
			children = (
				7941BA0220DB6AEF001A3DA9 /* ThoughtJar.app */,
				7941BA1620DB6AF2001A3DA9 /* ThoughtJarTests.xctest */,
				7941BA2120DB6AF2001A3DA9 /* ThoughtJarUITests.xctest */,
			);
			name = Products;
			sourceTree = "<group>";
		};
		7941BA0420DB6AEF001A3DA9 /* ThoughtJar */ = {
			isa = PBXGroup;
			children = (
				7941BA0520DB6AEF001A3DA9 /* AppDelegate.swift */,
				7941BA0720DB6AEF001A3DA9 /* ViewController.swift */,
				7941BA0920DB6AEF001A3DA9 /* Main.storyboard */,
				7941BA0C20DB6AF1001A3DA9 /* Assets.xcassets */,
				7941BA0E20DB6AF2001A3DA9 /* LaunchScreen.storyboard */,
				7941BA1120DB6AF2001A3DA9 /* Info.plist */,
			);
			path = ThoughtJar;
			sourceTree = "<group>";
		};
		7941BA1920DB6AF2001A3DA9 /* ThoughtJarTests */ = {
			isa = PBXGroup;
			children = (
				7941BA1A20DB6AF2001A3DA9 /* ThoughtJarTests.swift */,
				7941BA1C20DB6AF2001A3DA9 /* Info.plist */,
			);
			path = ThoughtJarTests;
			sourceTree = "<group>";
		};
		7941BA2420DB6AF2001A3DA9 /* ThoughtJarUITests */ = {
			isa = PBXGroup;
			children = (
				7941BA2520DB6AF2001A3DA9 /* ThoughtJarUITests.swift */,
				7941BA2720DB6AF2001A3DA9 /* Info.plist */,
			);
			path = ThoughtJarUITests;
			sourceTree = "<group>";
		};
/* End PBXGroup section */

/* Begin PBXNativeTarget section */
		7941BA0120DB6AEF001A3DA9 /* ThoughtJar */ = {
			isa = PBXNativeTarget;
			buildConfigurationList = 7941BA2A20DB6AF2001A3DA9 /* Build configuration list for PBXNativeTarget "ThoughtJar" */;
			buildPhases = (
				7941B9FE20DB6AEF001A3DA9 /* Sources */,
				7941B9FF20DB6AEF001A3DA9 /* Frameworks */,
				7941BA0020DB6AEF001A3DA9 /* Resources */,
			);
			buildRules = (
			);
			dependencies = (
			);
			name = ThoughtJar;
			productName = ThoughtJar;
			productReference = 7941BA0220DB6AEF001A3DA9 /* ThoughtJar.app */;
			productType = "com.apple.product-type.application";
		};
		7941BA1520DB6AF2001A3DA9 /* ThoughtJarTests */ = {
			isa = PBXNativeTarget;
			buildConfigurationList = 7941BA2D20DB6AF2001A3DA9 /* Build configuration list for PBXNativeTarget "ThoughtJarTests" */;
			buildPhases = (
				7941BA1220DB6AF2001A3DA9 /* Sources */,
				7941BA1320DB6AF2001A3DA9 /* Frameworks */,
				7941BA1420DB6AF2001A3DA9 /* Resources */,
			);
			buildRules = (
			);
			dependencies = (
				7941BA1820DB6AF2001A3DA9 /* PBXTargetDependency */,
			);
			name = ThoughtJarTests;
			productName = ThoughtJarTests;
			productReference = 7941BA1620DB6AF2001A3DA9 /* ThoughtJarTests.xctest */;
			productType = "com.apple.product-type.bundle.unit-test";
		};
		7941BA2020DB6AF2001A3DA9 /* ThoughtJarUITests */ = {
			isa = PBXNativeTarget;
			buildConfigurationList = 7941BA3020DB6AF2001A3DA9 /* Build configuration list for PBXNativeTarget "ThoughtJarUITests" */;
			buildPhases = (
				7941BA1D20DB6AF2001A3DA9 /* Sources */,
				7941BA1E20DB6AF2001A3DA9 /* Frameworks */,
				7941BA1F20DB6AF2001A3DA9 /* Resources */,
			);
			buildRules = (
			);
			dependencies = (
				7941BA2320DB6AF2001A3DA9 /* PBXTargetDependency */,
			);
			name = ThoughtJarUITests;
			productName = ThoughtJarUITests;
			productReference = 7941BA2120DB6AF2001A3DA9 /* ThoughtJarUITests.xctest */;
			productType = "com.apple.product-type.bundle.ui-testing";
		};
/* End PBXNativeTarget section */

/* Begin PBXProject section */
		7941B9FA20DB6AEF001A3DA9 /* Project object */ = {
			isa = PBXProject;
			attributes = {
				LastSwiftUpdateCheck = 0940;
				LastUpgradeCheck = 0940;
				ORGANIZATIONNAME = "Thought Jar";
				TargetAttributes = {
					7941BA0120DB6AEF001A3DA9 = {
						CreatedOnToolsVersion = 9.4;
					};
					7941BA1520DB6AF2001A3DA9 = {
						CreatedOnToolsVersion = 9.4;
						TestTargetID = 7941BA0120DB6AEF001A3DA9;
					};
					7941BA2020DB6AF2001A3DA9 = {
						CreatedOnToolsVersion = 9.4;
						TestTargetID = 7941BA0120DB6AEF001A3DA9;
					};
				};
			};
			buildConfigurationList = 7941B9FD20DB6AEF001A3DA9 /* Build configuration list for PBXProject "ThoughtJar" */;
			compatibilityVersion = "Xcode 9.3";
			developmentRegion = en;
			hasScannedForEncodings = 0;
			knownRegions = (
				en,
				Base,
			);
			mainGroup = 7941B9F920DB6AEF001A3DA9;
			productRefGroup = 7941BA0320DB6AEF001A3DA9 /* Products */;
			projectDirPath = "";
			projectRoot = "";
			targets = (
				7941BA0120DB6AEF001A3DA9 /* ThoughtJar */,
				7941BA1520DB6AF2001A3DA9 /* ThoughtJarTests */,
				7941BA2020DB6AF2001A3DA9 /* ThoughtJarUITests */,
			);
		};
/* End PBXProject section */

/* Begin PBXResourcesBuildPhase section */
		7941BA0020DB6AEF001A3DA9 /* Resources */ = {
			isa = PBXResourcesBuildPhase;
			buildActionMask = 2147483647;
			files = (
				7941BA1020DB6AF2001A3DA9 /* LaunchScreen.storyboard in Resources */,
				7941BA0D20DB6AF1001A3DA9 /* Assets.xcassets in Resources */,
				7941BA0B20DB6AEF001A3DA9 /* Main.storyboard in Resources */,
			);
			runOnlyForDeploymentPostprocessing = 0;
		};
		7941BA1420DB6AF2001A3DA9 /* Resources */ = {
			isa = PBXResourcesBuildPhase;
			buildActionMask = 2147483647;
			files = (
			);
			runOnlyForDeploymentPostprocessing = 0;
		};
		7941BA1F20DB6AF2001A3DA9 /* Resources */ = {
			isa = PBXResourcesBuildPhase;
			buildActionMask = 2147483647;
			files = (
			);
			runOnlyForDeploymentPostprocessing = 0;
		};
/* End PBXResourcesBuildPhase section */

/* Begin PBXSourcesBuildPhase section */
		7941B9FE20DB6AEF001A3DA9 /* Sources */ = {
			isa = PBXSourcesBuildPhase;
			buildActionMask = 2147483647;
			files = (
				7941BA0820DB6AEF001A3DA9 /* ViewController.swift in Sources */,
				7941BA0620DB6AEF001A3DA9 /* AppDelegate.swift in Sources */,
			);
			runOnlyForDeploymentPostprocessing = 0;
		};
		7941BA1220DB6AF2001A3DA9 /* Sources */ = {
			isa = PBXSourcesBuildPhase;
			buildActionMask = 2147483647;
			files = (
				7941BA1B20DB6AF2001A3DA9 /* ThoughtJarTests.swift in Sources */,
			);
			runOnlyForDeploymentPostprocessing = 0;
		};
		7941BA1D20DB6AF2001A3DA9 /* Sources */ = {
			isa = PBXSourcesBuildPhase;
			buildActionMask = 2147483647;
			files = (
				7941BA2620DB6AF2001A3DA9 /* ThoughtJarUITests.swift in Sources */,
			);
			runOnlyForDeploymentPostprocessing = 0;
		};
/* End PBXSourcesBuildPhase section */

/* Begin PBXTargetDependency section */
		7941BA1820DB6AF2001A3DA9 /* PBXTargetDependency */ = {
			isa = PBXTargetDependency;
			target = 7941BA0120DB6AEF001A3DA9 /* ThoughtJar */;
			targetProxy = 7941BA1720DB6AF2001A3DA9 /* PBXContainerItemProxy */;
		};
		7941BA2320DB6AF2001A3DA9 /* PBXTargetDependency */ = {
			isa = PBXTargetDependency;
			target = 7941BA0120DB6AEF001A3DA9 /* ThoughtJar */;
			targetProxy = 7941BA2220DB6AF2001A3DA9 /* PBXContainerItemProxy */;
		};
/* End PBXTargetDependency section */

/* Begin PBXVariantGroup section */
		7941BA0920DB6AEF001A3DA9 /* Main.storyboard */ = {
			isa = PBXVariantGroup;
			children = (
				7941BA0A20DB6AEF001A3DA9 /* Base */,
			);
			name = Main.storyboard;
			sourceTree = "<group>";
		};
		7941BA0E20DB6AF2001A3DA9 /* LaunchScreen.storyboard */ = {
			isa = PBXVariantGroup;
			children = (
				7941BA0F20DB6AF2001A3DA9 /* Base */,
			);
			name = LaunchScreen.storyboard;
			sourceTree = "<group>";
		};
/* End PBXVariantGroup section */

/* Begin XCBuildConfiguration section */
		7941BA2820DB6AF2001A3DA9 /* Debug */ = {
			isa = XCBuildConfiguration;
			buildSettings = {
				ALWAYS_SEARCH_USER_PATHS = NO;
				CLANG_ANALYZER_NONNULL = YES;
				CLANG_ANALYZER_NUMBER_OBJECT_CONVERSION = YES_AGGRESSIVE;
				CLANG_CXX_LANGUAGE_STANDARD = "gnu++14";
				CLANG_CXX_LIBRARY = "libc++";
				CLANG_ENABLE_MODULES = YES;
				CLANG_ENABLE_OBJC_ARC = YES;
				CLANG_ENABLE_OBJC_WEAK = YES;
				CLANG_WARN_BLOCK_CAPTURE_AUTORELEASING = YES;
				CLANG_WARN_BOOL_CONVERSION = YES;
				CLANG_WARN_COMMA = YES;
				CLANG_WARN_CONSTANT_CONVERSION = YES;
				CLANG_WARN_DEPRECATED_OBJC_IMPLEMENTATIONS = YES;
				CLANG_WARN_DIRECT_OBJC_ISA_USAGE = YES_ERROR;
				CLANG_WARN_DOCUMENTATION_COMMENTS = YES;
				CLANG_WARN_EMPTY_BODY = YES;
				CLANG_WARN_ENUM_CONVERSION = YES;
				CLANG_WARN_INFINITE_RECURSION = YES;
				CLANG_WARN_INT_CONVERSION = YES;
				CLANG_WARN_NON_LITERAL_NULL_CONVERSION = YES;
				CLANG_WARN_OBJC_IMPLICIT_RETAIN_SELF = YES;
				CLANG_WARN_OBJC_LITERAL_CONVERSION = YES;
				CLANG_WARN_OBJC_ROOT_CLASS = YES_ERROR;
				CLANG_WARN_RANGE_LOOP_ANALYSIS = YES;
				CLANG_WARN_STRICT_PROTOTYPES = YES;
				CLANG_WARN_SUSPICIOUS_MOVE = YES;
				CLANG_WARN_UNGUARDED_AVAILABILITY = YES_AGGRESSIVE;
				CLANG_WARN_UNREACHABLE_CODE = YES;
				CLANG_WARN__DUPLICATE_METHOD_MATCH = YES;
				CODE_SIGN_IDENTITY = "iPhone Developer";
				COPY_PHASE_STRIP = NO;
				DEBUG_INFORMATION_FORMAT = dwarf;
				ENABLE_STRICT_OBJC_MSGSEND = YES;
				ENABLE_TESTABILITY = YES;
				GCC_C_LANGUAGE_STANDARD = gnu11;
				GCC_DYNAMIC_NO_PIC = NO;
				GCC_NO_COMMON_BLOCKS = YES;
				GCC_OPTIMIZATION_LEVEL = 0;
				GCC_PREPROCESSOR_DEFINITIONS = (
					"DEBUG=1",
					"$(inherited)",
				);
				GCC_WARN_64_TO_32_BIT_CONVERSION = YES;
				GCC_WARN_ABOUT_RETURN_TYPE = YES_ERROR;
				GCC_WARN_UNDECLARED_SELECTOR = YES;
				GCC_WARN_UNINITIALIZED_AUTOS = YES_AGGRESSIVE;
				GCC_WARN_UNUSED_FUNCTION = YES;
				GCC_WARN_UNUSED_VARIABLE = YES;
				IPHONEOS_DEPLOYMENT_TARGET = 11.4;
				MTL_ENABLE_DEBUG_INFO = YES;
				ONLY_ACTIVE_ARCH = YES;
				SDKROOT = iphoneos;
				SWIFT_ACTIVE_COMPILATION_CONDITIONS = DEBUG;
				SWIFT_OPTIMIZATION_LEVEL = "-Onone";
			};
			name = Debug;
		};
		7941BA2920DB6AF2001A3DA9 /* Release */ = {
			isa = XCBuildConfiguration;
			buildSettings = {
				ALWAYS_SEARCH_USER_PATHS = NO;
				CLANG_ANALYZER_NONNULL = YES;
				CLANG_ANALYZER_NUMBER_OBJECT_CONVERSION = YES_AGGRESSIVE;
				CLANG_CXX_LANGUAGE_STANDARD = "gnu++14";
				CLANG_CXX_LIBRARY = "libc++";
				CLANG_ENABLE_MODULES = YES;
				CLANG_ENABLE_OBJC_ARC = YES;
				CLANG_ENABLE_OBJC_WEAK = YES;
				CLANG_WARN_BLOCK_CAPTURE_AUTORELEASING = YES;
				CLANG_WARN_BOOL_CONVERSION = YES;
				CLANG_WARN_COMMA = YES;
				CLANG_WARN_CONSTANT_CONVERSION = YES;
				CLANG_WARN_DEPRECATED_OBJC_IMPLEMENTATIONS = YES;
				CLANG_WARN_DIRECT_OBJC_ISA_USAGE = YES_ERROR;
				CLANG_WARN_DOCUMENTATION_COMMENTS = YES;
				CLANG_WARN_EMPTY_BODY = YES;
				CLANG_WARN_ENUM_CONVERSION = YES;
				CLANG_WARN_INFINITE_RECURSION = YES;
				CLANG_WARN_INT_CONVERSION = YES;
				CLANG_WARN_NON_LITERAL_NULL_CONVERSION = YES;
				CLANG_WARN_OBJC_IMPLICIT_RETAIN_SELF = YES;
				CLANG_WARN_OBJC_LITERAL_CONVERSION = YES;
				CLANG_WARN_OBJC_ROOT_CLASS = YES_ERROR;
				CLANG_WARN_RANGE_LOOP_ANALYSIS = YES;
				CLANG_WARN_STRICT_PROTOTYPES = YES;
				CLANG_WARN_SUSPICIOUS_MOVE = YES;
				CLANG_WARN_UNGUARDED_AVAILABILITY = YES_AGGRESSIVE;
				CLANG_WARN_UNREACHABLE_CODE = YES;
				CLANG_WARN__DUPLICATE_METHOD_MATCH = YES;
				CODE_SIGN_IDENTITY = "iPhone Developer";
				COPY_PHASE_STRIP = NO;
				DEBUG_INFORMATION_FORMAT = "dwarf-with-dsym";
				ENABLE_NS_ASSERTIONS = NO;
				ENABLE_STRICT_OBJC_MSGSEND = YES;
				GCC_C_LANGUAGE_STANDARD = gnu11;
				GCC_NO_COMMON_BLOCKS = YES;
				GCC_WARN_64_TO_32_BIT_CONVERSION = YES;
				GCC_WARN_ABOUT_RETURN_TYPE = YES_ERROR;
				GCC_WARN_UNDECLARED_SELECTOR = YES;
				GCC_WARN_UNINITIALIZED_AUTOS = YES_AGGRESSIVE;
				GCC_WARN_UNUSED_FUNCTION = YES;
				GCC_WARN_UNUSED_VARIABLE = YES;
				IPHONEOS_DEPLOYMENT_TARGET = 11.4;
				MTL_ENABLE_DEBUG_INFO = NO;
				SDKROOT = iphoneos;
				SWIFT_COMPILATION_MODE = wholemodule;
				SWIFT_OPTIMIZATION_LEVEL = "-O";
				VALIDATE_PRODUCT = YES;
			};
			name = Release;
		};
		7941BA2B20DB6AF2001A3DA9 /* Debug */ = {
			isa = XCBuildConfiguration;
			buildSettings = {
				ASSETCATALOG_COMPILER_APPICON_NAME = AppIcon;
				CODE_SIGN_STYLE = Automatic;
				DEVELOPMENT_TEAM = 774EWR4Y6B;
				INFOPLIST_FILE = ThoughtJar/Info.plist;
				LD_RUNPATH_SEARCH_PATHS = (
					"$(inherited)",
					"@executable_path/Frameworks",
				);
				PRODUCT_BUNDLE_IDENTIFIER = thoughtjar.net.ThoughtJar;
				PRODUCT_NAME = "$(TARGET_NAME)";
				SWIFT_VERSION = 4.0;
				TARGETED_DEVICE_FAMILY = "1,2";
			};
			name = Debug;
		};
		7941BA2C20DB6AF2001A3DA9 /* Release */ = {
			isa = XCBuildConfiguration;
			buildSettings = {
				ASSETCATALOG_COMPILER_APPICON_NAME = AppIcon;
				CODE_SIGN_STYLE = Automatic;
				DEVELOPMENT_TEAM = 774EWR4Y6B;
				INFOPLIST_FILE = ThoughtJar/Info.plist;
				LD_RUNPATH_SEARCH_PATHS = (
					"$(inherited)",
					"@executable_path/Frameworks",
				);
				PRODUCT_BUNDLE_IDENTIFIER = thoughtjar.net.ThoughtJar;
				PRODUCT_NAME = "$(TARGET_NAME)";
				SWIFT_VERSION = 4.0;
				TARGETED_DEVICE_FAMILY = "1,2";
			};
			name = Release;
		};
		7941BA2E20DB6AF2001A3DA9 /* Debug */ = {
			isa = XCBuildConfiguration;
			buildSettings = {
				ALWAYS_EMBED_SWIFT_STANDARD_LIBRARIES = YES;
				BUNDLE_LOADER = "$(TEST_HOST)";
				CODE_SIGN_STYLE = Automatic;
				DEVELOPMENT_TEAM = 774EWR4Y6B;
				INFOPLIST_FILE = ThoughtJarTests/Info.plist;
				LD_RUNPATH_SEARCH_PATHS = (
					"$(inherited)",
					"@executable_path/Frameworks",
					"@loader_path/Frameworks",
				);
				PRODUCT_BUNDLE_IDENTIFIER = thoughtjar.net.ThoughtJarTests;
				PRODUCT_NAME = "$(TARGET_NAME)";
				SWIFT_VERSION = 4.0;
				TARGETED_DEVICE_FAMILY = "1,2";
				TEST_HOST = "$(BUILT_PRODUCTS_DIR)/ThoughtJar.app/ThoughtJar";
			};
			name = Debug;
		};
		7941BA2F20DB6AF2001A3DA9 /* Release */ = {
			isa = XCBuildConfiguration;
			buildSettings = {
				ALWAYS_EMBED_SWIFT_STANDARD_LIBRARIES = YES;
				BUNDLE_LOADER = "$(TEST_HOST)";
				CODE_SIGN_STYLE = Automatic;
				DEVELOPMENT_TEAM = 774EWR4Y6B;
				INFOPLIST_FILE = ThoughtJarTests/Info.plist;
				LD_RUNPATH_SEARCH_PATHS = (
					"$(inherited)",
					"@executable_path/Frameworks",
					"@loader_path/Frameworks",
				);
				PRODUCT_BUNDLE_IDENTIFIER = thoughtjar.net.ThoughtJarTests;
				PRODUCT_NAME = "$(TARGET_NAME)";
				SWIFT_VERSION = 4.0;
				TARGETED_DEVICE_FAMILY = "1,2";
				TEST_HOST = "$(BUILT_PRODUCTS_DIR)/ThoughtJar.app/ThoughtJar";
			};
			name = Release;
		};
		7941BA3120DB6AF2001A3DA9 /* Debug */ = {
			isa = XCBuildConfiguration;
			buildSettings = {
				ALWAYS_EMBED_SWIFT_STANDARD_LIBRARIES = YES;
				CODE_SIGN_STYLE = Automatic;
				DEVELOPMENT_TEAM = 774EWR4Y6B;
				INFOPLIST_FILE = ThoughtJarUITests/Info.plist;
				LD_RUNPATH_SEARCH_PATHS = (
					"$(inherited)",
					"@executable_path/Frameworks",
					"@loader_path/Frameworks",
				);
				PRODUCT_BUNDLE_IDENTIFIER = thoughtjar.net.ThoughtJarUITests;
				PRODUCT_NAME = "$(TARGET_NAME)";
				SWIFT_VERSION = 4.0;
				TARGETED_DEVICE_FAMILY = "1,2";
				TEST_TARGET_NAME = ThoughtJar;
			};
			name = Debug;
		};
		7941BA3220DB6AF2001A3DA9 /* Release */ = {
			isa = XCBuildConfiguration;
			buildSettings = {
				ALWAYS_EMBED_SWIFT_STANDARD_LIBRARIES = YES;
				CODE_SIGN_STYLE = Automatic;
				DEVELOPMENT_TEAM = 774EWR4Y6B;
				INFOPLIST_FILE = ThoughtJarUITests/Info.plist;
				LD_RUNPATH_SEARCH_PATHS = (
					"$(inherited)",
					"@executable_path/Frameworks",
					"@loader_path/Frameworks",
				);
				PRODUCT_BUNDLE_IDENTIFIER = thoughtjar.net.ThoughtJarUITests;
				PRODUCT_NAME = "$(TARGET_NAME)";
				SWIFT_VERSION = 4.0;
				TARGETED_DEVICE_FAMILY = "1,2";
				TEST_TARGET_NAME = ThoughtJar;
			};
			name = Release;
		};
/* End XCBuildConfiguration section */

/* Begin XCConfigurationList section */
		7941B9FD20DB6AEF001A3DA9 /* Build configuration list for PBXProject "ThoughtJar" */ = {
			isa = XCConfigurationList;
			buildConfigurations = (
				7941BA2820DB6AF2001A3DA9 /* Debug */,
				7941BA2920DB6AF2001A3DA9 /* Release */,
			);
			defaultConfigurationIsVisible = 0;
			defaultConfigurationName = Release;
		};
		7941BA2A20DB6AF2001A3DA9 /* Build configuration list for PBXNativeTarget "ThoughtJar" */ = {
			isa = XCConfigurationList;
			buildConfigurations = (
				7941BA2B20DB6AF2001A3DA9 /* Debug */,
				7941BA2C20DB6AF2001A3DA9 /* Release */,
			);
			defaultConfigurationIsVisible = 0;
			defaultConfigurationName = Release;
		};
		7941BA2D20DB6AF2001A3DA9 /* Build configuration list for PBXNativeTarget "ThoughtJarTests" */ = {
			isa = XCConfigurationList;
			buildConfigurations = (
				7941BA2E20DB6AF2001A3DA9 /* Debug */,
				7941BA2F20DB6AF2001A3DA9 /* Release */,
			);
			defaultConfigurationIsVisible = 0;
			defaultConfigurationName = Release;
		};
		7941BA3020DB6AF2001A3DA9 /* Build configuration list for PBXNativeTarget "ThoughtJarUITests" */ = {
			isa = XCConfigurationList;
			buildConfigurations = (
				7941BA3120DB6AF2001A3DA9 /* Debug */,
				7941BA3220DB6AF2001A3DA9 /* Release */,
			);
			defaultConfigurationIsVisible = 0;
			defaultConfigurationName = Release;
		};
/* End XCConfigurationList section */
	};
	rootObject = 7941B9FA20DB6AEF001A3DA9 /* Project object */;
}
